
Microsoft Visual Studio Solution File, Format Version 12.00
# Visual Studio Version 17
VisualStudioVersion = 17.9.34714.143
MinimumVisualStudioVersion = 10.0.40219.1
Project("{FAE04EC0-301F-11D3-BF4B-00C04F79EFBC}") = "WorkingWithCollections", "WorkingWithCollections\WorkingWithCollections.csproj", "{D1FF7984-1311-4D58-9A4C-4F2C4BD2EFE8}"
EndProject
Global
	GlobalSection(SolutionConfigurationPlatforms) = preSolution
		Debug|Any CPU = Debug|Any CPU
		Release|Any CPU = Release|Any CPU
	EndGlobalSection
	GlobalSection(ProjectConfigurationPlatforms) = postSolution
		{D1FF7984-1311-4D58-9A4C-4F2C4BD2EFE8}.Debug|Any CPU.ActiveCfg = Debug|Any CPU
		{D1FF7984-1311-4D58-9A4C-4F2C4BD2EFE8}.Debug|Any CPU.Build.0 = Debug|Any CPU
		{D1FF7984-1311-4D58-9A4C-4F2C4BD2EFE8}.Release|Any CPU.ActiveCfg = Release|Any CPU
		{D1FF7984-1311-4D58-9A4C-4F2C4BD2EFE8}.Release|Any CPU.Build.0 = Release|Any CPU
	EndGlobalSection
	GlobalSection(SolutionProperties) = preSolution
		HideSolutionNode = FALSE
	EndGlobalSection
	GlobalSection(ExtensibilityGlobals) = postSolution
		SolutionGuid = {F0863C46-8BEF-4B11-8681-01C6C10FB496}
	EndGlobalSection
EndGlobal
