
Microsoft Visual Studio Solution File, Format Version 12.00
# Visual Studio Version 17
VisualStudioVersion = 17.9.34714.143
MinimumVisualStudioVersion = 10.0.40219.1
Project("{FAE04EC0-301F-11D3-BF4B-00C04F79EFBC}") = "TimerExample", "TimerExample\TimerExample.csproj", "{12BD1056-F439-4C77-BDD7-80C57ADCE654}"
EndProject
Global
	GlobalSection(SolutionConfigurationPlatforms) = preSolution
		Debug|Any CPU = Debug|Any CPU
		Release|Any CPU = Release|Any CPU
	EndGlobalSection
	GlobalSection(ProjectConfigurationPlatforms) = postSolution
		{12BD1056-F439-4C77-BDD7-80C57ADCE654}.Debug|Any CPU.ActiveCfg = Debug|Any CPU
		{12BD1056-F439-4C77-BDD7-80C57ADCE654}.Debug|Any CPU.Build.0 = Debug|Any CPU
		{12BD1056-F439-4C77-BDD7-80C57ADCE654}.Release|Any CPU.ActiveCfg = Release|Any CPU
		{12BD1056-F439-4C77-BDD7-80C57ADCE654}.Release|Any CPU.Build.0 = Release|Any CPU
	EndGlobalSection
	GlobalSection(SolutionProperties) = preSolution
		HideSolutionNode = FALSE
	EndGlobalSection
	GlobalSection(ExtensibilityGlobals) = postSolution
		SolutionGuid = {BEF13E3C-F3A3-4106-A4BE-A33412F6F02B}
	EndGlobalSection
EndGlobal
