
Microsoft Visual Studio Solution File, Format Version 12.00
# Visual Studio Version 17
VisualStudioVersion = 17.9.34701.34
MinimumVisualStudioVersion = 10.0.40219.1
Project("{FAE04EC0-301F-11D3-BF4B-00C04F79EFBC}") = "WorkingWithStrings", "WorkingWithStrings\WorkingWithStrings.csproj", "{397CF74A-CC85-4B49-8244-CB5D8F48627F}"
EndProject
Global
	GlobalSection(SolutionConfigurationPlatforms) = preSolution
		Debug|Any CPU = Debug|Any CPU
		Release|Any CPU = Release|Any CPU
	EndGlobalSection
	GlobalSection(ProjectConfigurationPlatforms) = postSolution
		{397CF74A-CC85-4B49-8244-CB5D8F48627F}.Debug|Any CPU.ActiveCfg = Debug|Any CPU
		{397CF74A-CC85-4B49-8244-CB5D8F48627F}.Debug|Any CPU.Build.0 = Debug|Any CPU
		{397CF74A-CC85-4B49-8244-CB5D8F48627F}.Release|Any CPU.ActiveCfg = Release|Any CPU
		{397CF74A-CC85-4B49-8244-CB5D8F48627F}.Release|Any CPU.Build.0 = Release|Any CPU
	EndGlobalSection
	GlobalSection(SolutionProperties) = preSolution
		HideSolutionNode = FALSE
	EndGlobalSection
	GlobalSection(ExtensibilityGlobals) = postSolution
		SolutionGuid = {18C0C6A0-578B-4093-A8B9-C99883EF863E}
	EndGlobalSection
EndGlobal
