
Microsoft Visual Studio Solution File, Format Version 12.00
# Visual Studio Version 17
VisualStudioVersion = 17.9.34701.34
MinimumVisualStudioVersion = 10.0.40219.1
Project("{FAE04EC0-301F-11D3-BF4B-00C04F79EFBC}") = "WhileIteration", "WhileIteration\WhileIteration.csproj", "{2B425D25-DCD3-495C-BFA5-CA5E3F6A34AB}"
EndProject
Global
	GlobalSection(SolutionConfigurationPlatforms) = preSolution
		Debug|Any CPU = Debug|Any CPU
		Release|Any CPU = Release|Any CPU
	EndGlobalSection
	GlobalSection(ProjectConfigurationPlatforms) = postSolution
		{2B425D25-DCD3-495C-BFA5-CA5E3F6A34AB}.Debug|Any CPU.ActiveCfg = Debug|Any CPU
		{2B425D25-DCD3-495C-BFA5-CA5E3F6A34AB}.Debug|Any CPU.Build.0 = Debug|Any CPU
		{2B425D25-DCD3-495C-BFA5-CA5E3F6A34AB}.Release|Any CPU.ActiveCfg = Release|Any CPU
		{2B425D25-DCD3-495C-BFA5-CA5E3F6A34AB}.Release|Any CPU.Build.0 = Release|Any CPU
	EndGlobalSection
	GlobalSection(SolutionProperties) = preSolution
		HideSolutionNode = FALSE
	EndGlobalSection
	GlobalSection(ExtensibilityGlobals) = postSolution
		SolutionGuid = {702616A1-6710-44A7-ACE1-4F37A02C0857}
	EndGlobalSection
EndGlobal
